// !$*UTF8*$!
{
	archiveVersion = 1;
	classes = {
	};
	objectVersion = 46;
	objects = {

/* Begin PBXBuildFile section */
		8B92B7A61E93C89A007897F4 /* AppDelegate.swift in Sources */ = {isa = PBXBuildFile; fileRef = 8B92B7A51E93C89A007897F4 /* AppDelegate.swift */; };
		8B92B7AB1E93C89A007897F4 /* Main.storyboard in Resources */ = {isa = PBXBuildFile; fileRef = 8B92B7A91E93C89A007897F4 /* Main.storyboard */; };
		8B92B7AD1E93C89A007897F4 /* Assets.xcassets in Resources */ = {isa = PBXBuildFile; fileRef = 8B92B7AC1E93C89A007897F4 /* Assets.xcassets */; };
		8B92B7B01E93C89A007897F4 /* LaunchScreen.storyboard in Resources */ = {isa = PBXBuildFile; fileRef = 8B92B7AE1E93C89A007897F4 /* LaunchScreen.storyboard */; };
		C39D74C51E9532820022F28C /* LeftSideViewController.swift in Sources */ = {isa = PBXBuildFile; fileRef = C39D74C41E9532820022F28C /* LeftSideViewController.swift */; };
		C39D74C71E9535AC0022F28C /* CentreViewController.swift in Sources */ = {isa = PBXBuildFile; fileRef = C39D74C61E9535AC0022F28C /* CentreViewController.swift */; };
		CD8BF8F3DD92F4B413D13BE9 /* Pods_NavigationDrawerDemo.framework in Frameworks */ = {isa = PBXBuildFile; fileRef = 953CA37933EF721F815975C2 /* Pods_NavigationDrawerDemo.framework */; };
/* End PBXBuildFile section */

/* Begin PBXFileReference section */
		3CF683E4720B82A2DAAAFBDB /* Pods-NavigationDrawerDemo.release.xcconfig */ = {isa = PBXFileReference; includeInIndex = 1; lastKnownFileType = text.xcconfig; name = "Pods-NavigationDrawerDemo.release.xcconfig"; path = "Pods/Target Support Files/Pods-NavigationDrawerDemo/Pods-NavigationDrawerDemo.release.xcconfig"; sourceTree = "<group>"; };
		42DEF107AE6A1587EE0FC106 /* Pods-NavigationDrawerDemo.debug.xcconfig */ = {isa = PBXFileReference; includeInIndex = 1; lastKnownFileType = text.xcconfig; name = "Pods-NavigationDrawerDemo.debug.xcconfig"; path = "Pods/Target Support Files/Pods-NavigationDrawerDemo/Pods-NavigationDrawerDemo.debug.xcconfig"; sourceTree = "<group>"; };
		8B92B7A21E93C89A007897F4 /* NavigationDrawerDemo.app */ = {isa = PBXFileReference; explicitFileType = wrapper.application; includeInIndex = 0; path = NavigationDrawerDemo.app; sourceTree = BUILT_PRODUCTS_DIR; };
		8B92B7A51E93C89A007897F4 /* AppDelegate.swift */ = {isa = PBXFileReference; lastKnownFileType = sourcecode.swift; path = AppDelegate.swift; sourceTree = "<group>"; };
		8B92B7AA1E93C89A007897F4 /* Base */ = {isa = PBXFileReference; lastKnownFileType = file.storyboard; name = Base; path = Base.lproj/Main.storyboard; sourceTree = "<group>"; };
		8B92B7AC1E93C89A007897F4 /* Assets.xcassets */ = {isa = PBXFileReference; lastKnownFileType = folder.assetcatalog; path = Assets.xcassets; sourceTree = "<group>"; };
		8B92B7AF1E93C89A007897F4 /* Base */ = {isa = PBXFileReference; lastKnownFileType = file.storyboard; name = Base; path = Base.lproj/LaunchScreen.storyboard; sourceTree = "<group>"; };
		8B92B7B11E93C89A007897F4 /* Info.plist */ = {isa = PBXFileReference; lastKnownFileType = text.plist.xml; path = Info.plist; sourceTree = "<group>"; };
		953CA37933EF721F815975C2 /* Pods_NavigationDrawerDemo.framework */ = {isa = PBXFileReference; explicitFileType = wrapper.framework; includeInIndex = 0; path = Pods_NavigationDrawerDemo.framework; sourceTree = BUILT_PRODUCTS_DIR; };
		C39D74C41E9532820022F28C /* LeftSideViewController.swift */ = {isa = PBXFileReference; fileEncoding = 4; lastKnownFileType = sourcecode.swift; path = LeftSideViewController.swift; sourceTree = "<group>"; };
		C39D74C61E9535AC0022F28C /* CentreViewController.swift */ = {isa = PBXFileReference; fileEncoding = 4; lastKnownFileType = sourcecode.swift; path = CentreViewController.swift; sourceTree = "<group>"; };
/* End PBXFileReference section */

/* Begin PBXFrameworksBuildPhase section */
		8B92B79F1E93C89A007897F4 /* Frameworks */ = {
			isa = PBXFrameworksBuildPhase;
			buildActionMask = 2147483647;
			files = (
				CD8BF8F3DD92F4B413D13BE9 /* Pods_NavigationDrawerDemo.framework in Frameworks */,
			);
			runOnlyForDeploymentPostprocessing = 0;
		};
/* End PBXFrameworksBuildPhase section */

/* Begin PBXGroup section */
		3B880630E806A936B822768C /* Pods */ = {
			isa = PBXGroup;
			children = (
				42DEF107AE6A1587EE0FC106 /* Pods-NavigationDrawerDemo.debug.xcconfig */,
				3CF683E4720B82A2DAAAFBDB /* Pods-NavigationDrawerDemo.release.xcconfig */,
			);
			name = Pods;
			sourceTree = "<group>";
		};
		3EEF8237D34F8227605F0436 /* Frameworks */ = {
			isa = PBXGroup;
			children = (
				953CA37933EF721F815975C2 /* Pods_NavigationDrawerDemo.framework */,
			);
			name = Frameworks;
			sourceTree = "<group>";
		};
		8B92B7991E93C89A007897F4 = {
			isa = PBXGroup;
			children = (
				8B92B7A41E93C89A007897F4 /* NavigationDrawerDemo */,
				8B92B7A31E93C89A007897F4 /* Products */,
				3B880630E806A936B822768C /* Pods */,
				3EEF8237D34F8227605F0436 /* Frameworks */,
			);
			sourceTree = "<group>";
		};
		8B92B7A31E93C89A007897F4 /* Products */ = {
			isa = PBXGroup;
			children = (
				8B92B7A21E93C89A007897F4 /* NavigationDrawerDemo.app */,
			);
			name = Products;
			sourceTree = "<group>";
		};
		8B92B7A41E93C89A007897F4 /* NavigationDrawerDemo */ = {
			isa = PBXGroup;
			children = (
				8B92B7A51E93C89A007897F4 /* AppDelegate.swift */,
				8B92B7A91E93C89A007897F4 /* Main.storyboard */,
				8B92B7AC1E93C89A007897F4 /* Assets.xcassets */,
				8B92B7AE1E93C89A007897F4 /* LaunchScreen.storyboard */,
				8B92B7B11E93C89A007897F4 /* Info.plist */,
				C39D74C41E9532820022F28C /* LeftSideViewController.swift */,
				C39D74C61E9535AC0022F28C /* CentreViewController.swift */,
			);
			path = NavigationDrawerDemo;
			sourceTree = "<group>";
		};
/* End PBXGroup section */

/* Begin PBXNativeTarget section */
		8B92B7A11E93C89A007897F4 /* NavigationDrawerDemo */ = {
			isa = PBXNativeTarget;
			buildConfigurationList = 8B92B7B41E93C89A007897F4 /* Build configuration list for PBXNativeTarget "NavigationDrawerDemo" */;
			buildPhases = (
				41A76BEFB12CDD9C846753B8 /* [CP] Check Pods Manifest.lock */,
				8B92B79E1E93C89A007897F4 /* Sources */,
				8B92B79F1E93C89A007897F4 /* Frameworks */,
				8B92B7A01E93C89A007897F4 /* Resources */,
				21ED328B5D35C3CB359845DA /* [CP] Embed Pods Frameworks */,
				355EEB6C2EA979F8D577E65C /* [CP] Copy Pods Resources */,
			);
			buildRules = (
			);
			dependencies = (
			);
			name = NavigationDrawerDemo;
			productName = NavigationDrawerDemo;
			productReference = 8B92B7A21E93C89A007897F4 /* NavigationDrawerDemo.app */;
			productType = "com.apple.product-type.application";
		};
/* End PBXNativeTarget section */

/* Begin PBXProject section */
		8B92B79A1E93C89A007897F4 /* Project object */ = {
			isa = PBXProject;
			attributes = {
				LastSwiftUpdateCheck = 0820;
				LastUpgradeCheck = 0820;
				ORGANIZATIONNAME = iFlame;
				TargetAttributes = {
					8B92B7A11E93C89A007897F4 = {
						CreatedOnToolsVersion = 8.2.1;
						ProvisioningStyle = Automatic;
					};
				};
			};
			buildConfigurationList = 8B92B79D1E93C89A007897F4 /* Build configuration list for PBXProject "NavigationDrawerDemo" */;
			compatibilityVersion = "Xcode 3.2";
			developmentRegion = English;
			hasScannedForEncodings = 0;
			knownRegions = (
				en,
				Base,
			);
			mainGroup = 8B92B7991E93C89A007897F4;
			productRefGroup = 8B92B7A31E93C89A007897F4 /* Products */;
			projectDirPath = "";
			projectRoot = "";
			targets = (
				8B92B7A11E93C89A007897F4 /* NavigationDrawerDemo */,
			);
		};
/* End PBXProject section */

/* Begin PBXResourcesBuildPhase section */
		8B92B7A01E93C89A007897F4 /* Resources */ = {
			isa = PBXResourcesBuildPhase;
			buildActionMask = 2147483647;
			files = (
				8B92B7B01E93C89A007897F4 /* LaunchScreen.storyboard in Resources */,
				8B92B7AD1E93C89A007897F4 /* Assets.xcassets in Resources */,
				8B92B7AB1E93C89A007897F4 /* Main.storyboard in Resources */,
			);
			runOnlyForDeploymentPostprocessing = 0;
		};
/* End PBXResourcesBuildPhase section */

/* Begin PBXShellScriptBuildPhase section */
		21ED328B5D35C3CB359845DA /* [CP] Embed Pods Frameworks */ = {
			isa = PBXShellScriptBuildPhase;
			buildActionMask = 2147483647;
			files = (
			);
			inputPaths = (
			);
			name = "[CP] Embed Pods Frameworks";
			outputPaths = (
			);
			runOnlyForDeploymentPostprocessing = 0;
			shellPath = /bin/sh;
			shellScript = "\"${SRCROOT}/Pods/Target Support Files/Pods-NavigationDrawerDemo/Pods-NavigationDrawerDemo-frameworks.sh\"\n";
			showEnvVarsInLog = 0;
		};
		355EEB6C2EA979F8D577E65C /* [CP] Copy Pods Resources */ = {
			isa = PBXShellScriptBuildPhase;
			buildActionMask = 2147483647;
			files = (
			);
			inputPaths = (
			);
			name = "[CP] Copy Pods Resources";
			outputPaths = (
			);
			runOnlyForDeploymentPostprocessing = 0;
			shellPath = /bin/sh;
			shellScript = "\"${SRCROOT}/Pods/Target Support Files/Pods-NavigationDrawerDemo/Pods-NavigationDrawerDemo-resources.sh\"\n";
			showEnvVarsInLog = 0;
		};
		41A76BEFB12CDD9C846753B8 /* [CP] Check Pods Manifest.lock */ = {
			isa = PBXShellScriptBuildPhase;
			buildActionMask = 2147483647;
			files = (
			);
			inputPaths = (
			);
			name = "[CP] Check Pods Manifest.lock";
			outputPaths = (
			);
			runOnlyForDeploymentPostprocessing = 0;
			shellPath = /bin/sh;
			shellScript = "diff \"${PODS_PODFILE_DIR_PATH}/Podfile.lock\" \"${PODS_ROOT}/Manifest.lock\" > /dev/null\nif [ $? != 0 ] ; then\n    # print error to STDERR\n    echo \"error: The sandbox is not in sync with the Podfile.lock. Run 'pod install' or update your CocoaPods installation.\" >&2\n    exit 1\nfi\n";
			showEnvVarsInLog = 0;
		};
/* End PBXShellScriptBuildPhase section */

/* Begin PBXSourcesBuildPhase section */
		8B92B79E1E93C89A007897F4 /* Sources */ = {
			isa = PBXSourcesBuildPhase;
			buildActionMask = 2147483647;
			files = (
				C39D74C51E9532820022F28C /* LeftSideViewController.swift in Sources */,
				C39D74C71E9535AC0022F28C /* CentreViewController.swift in Sources */,
				8B92B7A61E93C89A007897F4 /* AppDelegate.swift in Sources */,
			);
			runOnlyForDeploymentPostprocessing = 0;
		};
/* End PBXSourcesBuildPhase section */

/* Begin PBXVariantGroup section */
		8B92B7A91E93C89A007897F4 /* Main.storyboard */ = {
			isa = PBXVariantGroup;
			children = (
				8B92B7AA1E93C89A007897F4 /* Base */,
			);
			name = Main.storyboard;
			sourceTree = "<group>";
		};
		8B92B7AE1E93C89A007897F4 /* LaunchScreen.storyboard */ = {
			isa = PBXVariantGroup;
			children = (
				8B92B7AF1E93C89A007897F4 /* Base */,
			);
			name = LaunchScreen.storyboard;
			sourceTree = "<group>";
		};
/* End PBXVariantGroup section */

/* Begin XCBuildConfiguration section */
		8B92B7B21E93C89A007897F4 /* Debug */ = {
			isa = XCBuildConfiguration;
			buildSettings = {
				ALWAYS_SEARCH_USER_PATHS = NO;
				CLANG_ANALYZER_NONNULL = YES;
				CLANG_CXX_LANGUAGE_STANDARD = "gnu++0x";
				CLANG_CXX_LIBRARY = "libc++";
				CLANG_ENABLE_MODULES = YES;
				CLANG_ENABLE_OBJC_ARC = YES;
				CLANG_WARN_BOOL_CONVERSION = YES;
				CLANG_WARN_CONSTANT_CONVERSION = YES;
				CLANG_WARN_DIRECT_OBJC_ISA_USAGE = YES_ERROR;
				CLANG_WARN_DOCUMENTATION_COMMENTS = YES;
				CLANG_WARN_EMPTY_BODY = YES;
				CLANG_WARN_ENUM_CONVERSION = YES;
				CLANG_WARN_INFINITE_RECURSION = YES;
				CLANG_WARN_INT_CONVERSION = YES;
				CLANG_WARN_OBJC_ROOT_CLASS = YES_ERROR;
				CLANG_WARN_SUSPICIOUS_MOVE = YES;
				CLANG_WARN_UNREACHABLE_CODE = YES;
				CLANG_WARN__DUPLICATE_METHOD_MATCH = YES;
				"CODE_SIGN_IDENTITY[sdk=iphoneos*]" = "iPhone Developer";
				COPY_PHASE_STRIP = NO;
				DEBUG_INFORMATION_FORMAT = dwarf;
				ENABLE_STRICT_OBJC_MSGSEND = YES;
				ENABLE_TESTABILITY = YES;
				GCC_C_LANGUAGE_STANDARD = gnu99;
				GCC_DYNAMIC_NO_PIC = NO;
				GCC_NO_COMMON_BLOCKS = YES;
				GCC_OPTIMIZATION_LEVEL = 0;
				GCC_PREPROCESSOR_DEFINITIONS = (
					"DEBUG=1",
					"$(inherited)",
				);
				GCC_WARN_64_TO_32_BIT_CONVERSION = YES;
				GCC_WARN_ABOUT_RETURN_TYPE = YES_ERROR;
				GCC_WARN_UNDECLARED_SELECTOR = YES;
				GCC_WARN_UNINITIALIZED_AUTOS = YES_AGGRESSIVE;
				GCC_WARN_UNUSED_FUNCTION = YES;
				GCC_WARN_UNUSED_VARIABLE = YES;
				IPHONEOS_DEPLOYMENT_TARGET = 10.2;
				MTL_ENABLE_DEBUG_INFO = YES;
				ONLY_ACTIVE_ARCH = YES;
				SDKROOT = iphoneos;
				SWIFT_ACTIVE_COMPILATION_CONDITIONS = DEBUG;
				SWIFT_OPTIMIZATION_LEVEL = "-Onone";
			};
			name = Debug;
		};
		8B92B7B31E93C89A007897F4 /* Release */ = {
			isa = XCBuildConfiguration;
			buildSettings = {
				ALWAYS_SEARCH_USER_PATHS = NO;
				CLANG_ANALYZER_NONNULL = YES;
				CLANG_CXX_LANGUAGE_STANDARD = "gnu++0x";
				CLANG_CXX_LIBRARY = "libc++";
				CLANG_ENABLE_MODULES = YES;
				CLANG_ENABLE_OBJC_ARC = YES;
				CLANG_WARN_BOOL_CONVERSION = YES;
				CLANG_WARN_CONSTANT_CONVERSION = YES;
				CLANG_WARN_DIRECT_OBJC_ISA_USAGE = YES_ERROR;
				CLANG_WARN_DOCUMENTATION_COMMENTS = YES;
				CLANG_WARN_EMPTY_BODY = YES;
				CLANG_WARN_ENUM_CONVERSION = YES;
				CLANG_WARN_INFINITE_RECURSION = YES;
				CLANG_WARN_INT_CONVERSION = YES;
				CLANG_WARN_OBJC_ROOT_CLASS = YES_ERROR;
				CLANG_WARN_SUSPICIOUS_MOVE = YES;
				CLANG_WARN_UNREACHABLE_CODE = YES;
				CLANG_WARN__DUPLICATE_METHOD_MATCH = YES;
				"CODE_SIGN_IDENTITY[sdk=iphoneos*]" = "iPhone Developer";
				COPY_PHASE_STRIP = NO;
				DEBUG_INFORMATION_FORMAT = "dwarf-with-dsym";
				ENABLE_NS_ASSERTIONS = NO;
				ENABLE_STRICT_OBJC_MSGSEND = YES;
				GCC_C_LANGUAGE_STANDARD = gnu99;
				GCC_NO_COMMON_BLOCKS = YES;
				GCC_WARN_64_TO_32_BIT_CONVERSION = YES;
				GCC_WARN_ABOUT_RETURN_TYPE = YES_ERROR;
				GCC_WARN_UNDECLARED_SELECTOR = YES;
				GCC_WARN_UNINITIALIZED_AUTOS = YES_AGGRESSIVE;
				GCC_WARN_UNUSED_FUNCTION = YES;
				GCC_WARN_UNUSED_VARIABLE = YES;
				IPHONEOS_DEPLOYMENT_TARGET = 10.2;
				MTL_ENABLE_DEBUG_INFO = NO;
				SDKROOT = iphoneos;
				SWIFT_OPTIMIZATION_LEVEL = "-Owholemodule";
				VALIDATE_PRODUCT = YES;
			};
			name = Release;
		};
		8B92B7B51E93C89A007897F4 /* Debug */ = {
			isa = XCBuildConfiguration;
			baseConfigurationReference = 42DEF107AE6A1587EE0FC106 /* Pods-NavigationDrawerDemo.debug.xcconfig */;
			buildSettings = {
				ASSETCATALOG_COMPILER_APPICON_NAME = AppIcon;
				INFOPLIST_FILE = NavigationDrawerDemo/Info.plist;
				LD_RUNPATH_SEARCH_PATHS = "$(inherited) @executable_path/Frameworks";
				PRODUCT_BUNDLE_IDENTIFIER = com.iflame.firstApplication.NavigationDrawerDemo;
				PRODUCT_NAME = "$(TARGET_NAME)";
				SWIFT_VERSION = 3.0;
			};
			name = Debug;
		};
		8B92B7B61E93C89A007897F4 /* Release */ = {
			isa = XCBuildConfiguration;
			baseConfigurationReference = 3CF683E4720B82A2DAAAFBDB /* Pods-NavigationDrawerDemo.release.xcconfig */;
			buildSettings = {
				ASSETCATALOG_COMPILER_APPICON_NAME = AppIcon;
				INFOPLIST_FILE = NavigationDrawerDemo/Info.plist;
				LD_RUNPATH_SEARCH_PATHS = "$(inherited) @executable_path/Frameworks";
				PRODUCT_BUNDLE_IDENTIFIER = com.iflame.firstApplication.NavigationDrawerDemo;
				PRODUCT_NAME = "$(TARGET_NAME)";
				SWIFT_VERSION = 3.0;
			};
			name = Release;
		};
/* End XCBuildConfiguration section */

/* Begin XCConfigurationList section */
		8B92B79D1E93C89A007897F4 /* Build configuration list for PBXProject "NavigationDrawerDemo" */ = {
			isa = XCConfigurationList;
			buildConfigurations = (
				8B92B7B21E93C89A007897F4 /* Debug */,
				8B92B7B31E93C89A007897F4 /* Release */,
			);
			defaultConfigurationIsVisible = 0;
			defaultConfigurationName = Release;
		};
		8B92B7B41E93C89A007897F4 /* Build configuration list for PBXNativeTarget "NavigationDrawerDemo" */ = {
			isa = XCConfigurationList;
			buildConfigurations = (
				8B92B7B51E93C89A007897F4 /* Debug */,
				8B92B7B61E93C89A007897F4 /* Release */,
			);
			defaultConfigurationIsVisible = 0;
			defaultConfigurationName = Release;
		};
/* End XCConfigurationList section */
	};
	rootObject = 8B92B79A1E93C89A007897F4 /* Project object */;
}
